
Microsoft Visual Studio Solution File, Format Version 12.00
# Visual Studio 15
VisualStudioVersion = 15.0.27004.2010
MinimumVisualStudioVersion = 10.0.40219.1
Project("{FAE04EC0-301F-11D3-BF4B-00C04F79EFBC}") = "TinyLanguage", "TinyLanguage.csproj", "{FCC3EE18-9275-497A-A681-4B560CCE8982}"
EndProject
Global
	GlobalSection(SolutionConfigurationPlatforms) = preSolution
		Debug|Any CPU = Debug|Any CPU
		Release|Any CPU = Release|Any CPU
	EndGlobalSection
	GlobalSection(ProjectConfigurationPlatforms) = postSolution
		{FCC3EE18-9275-497A-A681-4B560CCE8982}.Debug|Any CPU.ActiveCfg = Debug|Any CPU
		{FCC3EE18-9275-497A-A681-4B560CCE8982}.Debug|Any CPU.Build.0 = Debug|Any CPU
		{FCC3EE18-9275-497A-A681-4B560CCE8982}.Release|Any CPU.ActiveCfg = Release|Any CPU
		{FCC3EE18-9275-497A-A681-4B560CCE8982}.Release|Any CPU.Build.0 = Release|Any CPU
	EndGlobalSection
	GlobalSection(SolutionProperties) = preSolution
		HideSolutionNode = FALSE
	EndGlobalSection
	GlobalSection(ExtensibilityGlobals) = postSolution
		SolutionGuid = {D4FEFDA6-C606-407A-BF8F-BE7A07C38644}
	EndGlobalSection
EndGlobal
